dependencies:
  idf:
    source:
      type: idf
    version: 5.3.2
  larryli/mlx90614:
    component_hash: c5fa2448397e98dfb17e071d0b27cfc05684216c26e1d32ef2193890ef7f811b
    dependencies:
    - name: idf
      require: private
      version: '>=5.2'
    source:
      registry_url: https://components.espressif.com/
      type: service
    version: 1.0.2
  nopnop2002/ssd1306:
    component_hash: ba5a06a3b21568a4211accf04f59b6e9901c072481fae6278a46691db7e323fd
    dependencies: []
    source:
      git: https://github.com/nopnop2002/esp-idf-ssd1306.git
      path: components/ssd1306/
      type: git
    version: 618e681e2ee2ac3a8ebb816b17713bc23ff8ffa1
direct_dependencies:
- idf
- larryli/mlx90614
- nopnop2002/ssd1306
manifest_hash: 01d1b3e6dfe3e7c836d0e419a4da76fd49e5e8dcfa1a87a37d019b93a73dad8f
target: esp32c3
version: 2.0.0
